
Microsoft Visual Studio Solution File, Format Version 12.00
# Visual Studio Version 17
VisualStudioVersion = 17.7.34202.233
MinimumVisualStudioVersion = 10.0.40219.1
Project("{FAE04EC0-301F-11D3-BF4B-00C04F79EFBC}") = "InOneWeekend", "InOneWeekend\InOneWeekend.csproj", "{87A752A0-9B2D-4CF0-AFF1-CE5816D6E851}"
EndProject
Global
	GlobalSection(SolutionConfigurationPlatforms) = preSolution
		Debug|Any CPU = Debug|Any CPU
		Release|Any CPU = Release|Any CPU
	EndGlobalSection
	GlobalSection(ProjectConfigurationPlatforms) = postSolution
		{87A752A0-9B2D-4CF0-AFF1-CE5816D6E851}.Debug|Any CPU.ActiveCfg = Debug|Any CPU
		{87A752A0-9B2D-4CF0-AFF1-CE5816D6E851}.Debug|Any CPU.Build.0 = Debug|Any CPU
		{87A752A0-9B2D-4CF0-AFF1-CE5816D6E851}.Release|Any CPU.ActiveCfg = Release|Any CPU
		{87A752A0-9B2D-4CF0-AFF1-CE5816D6E851}.Release|Any CPU.Build.0 = Release|Any CPU
	EndGlobalSection
	GlobalSection(SolutionProperties) = preSolution
		HideSolutionNode = FALSE
	EndGlobalSection
	GlobalSection(ExtensibilityGlobals) = postSolution
		SolutionGuid = {4EE898E7-D852-4478-87C3-4DF68521BC2C}
	EndGlobalSection
EndGlobal
